
Microsoft Visual Studio Solution File, Format Version 12.00
# Visual Studio Version 17
VisualStudioVersion = 17.14.36616.10 d17.14
MinimumVisualStudioVersion = 10.0.40219.1
Project("{FAE04EC0-301F-11D3-BF4B-00C04F79EFBC}") = "Practise2", "Practise2.csproj", "{131B7701-19D5-49F7-937A-B74C5F89C216}"
EndProject
Global
	GlobalSection(SolutionConfigurationPlatforms) = preSolution
		Debug|Any CPU = Debug|Any CPU
		Release|Any CPU = Release|Any CPU
	EndGlobalSection
	GlobalSection(ProjectConfigurationPlatforms) = postSolution
		{131B7701-19D5-49F7-937A-B74C5F89C216}.Debug|Any CPU.ActiveCfg = Debug|Any CPU
		{131B7701-19D5-49F7-937A-B74C5F89C216}.Debug|Any CPU.Build.0 = Debug|Any CPU
		{131B7701-19D5-49F7-937A-B74C5F89C216}.Release|Any CPU.ActiveCfg = Release|Any CPU
		{131B7701-19D5-49F7-937A-B74C5F89C216}.Release|Any CPU.Build.0 = Release|Any CPU
	EndGlobalSection
	GlobalSection(SolutionProperties) = preSolution
		HideSolutionNode = FALSE
	EndGlobalSection
	GlobalSection(ExtensibilityGlobals) = postSolution
		SolutionGuid = {7E65E38A-BC5E-4D9D-B474-84E12322F439}
	EndGlobalSection
EndGlobal
