
Microsoft Visual Studio Solution File, Format Version 12.00
# Visual Studio Version 17
VisualStudioVersion = 17.11.35327.3
MinimumVisualStudioVersion = 10.0.40219.1
Project("{9A19103F-16F7-4668-BE54-9A1E7A4F7556}") = "Task2", "Task2\Task2.csproj", "{6CE057C7-2CE8-4574-B925-26D1789DA700}"
EndProject
Project("{9A19103F-16F7-4668-BE54-9A1E7A4F7556}") = "Task3", "Task3\Task3.csproj", "{6C1AEA91-721E-435A-8E8F-5E39F0411059}"
EndProject
Project("{9A19103F-16F7-4668-BE54-9A1E7A4F7556}") = "Task4", "Task4\Task4.csproj", "{E55CBEBF-37EC-4659-8327-DC29E1F0DC92}"
EndProject
Project("{9A19103F-16F7-4668-BE54-9A1E7A4F7556}") = "Task5", "Task5\Task5.csproj", "{1A641667-F943-4D07-B610-B4072F0DFA00}"
EndProject
Project("{9A19103F-16F7-4668-BE54-9A1E7A4F7556}") = "Practical1Test", "Test\Practical1Test.csproj", "{FBF7AEBF-CFB3-456A-BDB4-9DA806A02CA2}"
EndProject
Project("{9A19103F-16F7-4668-BE54-9A1E7A4F7556}") = "Task1", "Task1\Task1.csproj", "{B9D31B6E-9632-419E-9CAF-C9AA777F37AA}"
EndProject
Global
	GlobalSection(SolutionConfigurationPlatforms) = preSolution
		Debug|Any CPU = Debug|Any CPU
		Release|Any CPU = Release|Any CPU
	EndGlobalSection
	GlobalSection(ProjectConfigurationPlatforms) = postSolution
		{6CE057C7-2CE8-4574-B925-26D1789DA700}.Debug|Any CPU.ActiveCfg = Debug|Any CPU
		{6CE057C7-2CE8-4574-B925-26D1789DA700}.Debug|Any CPU.Build.0 = Debug|Any CPU
		{6CE057C7-2CE8-4574-B925-26D1789DA700}.Release|Any CPU.ActiveCfg = Release|Any CPU
		{6CE057C7-2CE8-4574-B925-26D1789DA700}.Release|Any CPU.Build.0 = Release|Any CPU
		{6C1AEA91-721E-435A-8E8F-5E39F0411059}.Debug|Any CPU.ActiveCfg = Debug|Any CPU
		{6C1AEA91-721E-435A-8E8F-5E39F0411059}.Debug|Any CPU.Build.0 = Debug|Any CPU
		{6C1AEA91-721E-435A-8E8F-5E39F0411059}.Release|Any CPU.ActiveCfg = Release|Any CPU
		{6C1AEA91-721E-435A-8E8F-5E39F0411059}.Release|Any CPU.Build.0 = Release|Any CPU
		{E55CBEBF-37EC-4659-8327-DC29E1F0DC92}.Debug|Any CPU.ActiveCfg = Debug|Any CPU
		{E55CBEBF-37EC-4659-8327-DC29E1F0DC92}.Debug|Any CPU.Build.0 = Debug|Any CPU
		{E55CBEBF-37EC-4659-8327-DC29E1F0DC92}.Release|Any CPU.ActiveCfg = Release|Any CPU
		{E55CBEBF-37EC-4659-8327-DC29E1F0DC92}.Release|Any CPU.Build.0 = Release|Any CPU
		{1A641667-F943-4D07-B610-B4072F0DFA00}.Debug|Any CPU.ActiveCfg = Debug|Any CPU
		{1A641667-F943-4D07-B610-B4072F0DFA00}.Debug|Any CPU.Build.0 = Debug|Any CPU
		{1A641667-F943-4D07-B610-B4072F0DFA00}.Release|Any CPU.ActiveCfg = Release|Any CPU
		{1A641667-F943-4D07-B610-B4072F0DFA00}.Release|Any CPU.Build.0 = Release|Any CPU
		{FBF7AEBF-CFB3-456A-BDB4-9DA806A02CA2}.Debug|Any CPU.ActiveCfg = Debug|Any CPU
		{FBF7AEBF-CFB3-456A-BDB4-9DA806A02CA2}.Debug|Any CPU.Build.0 = Debug|Any CPU
		{FBF7AEBF-CFB3-456A-BDB4-9DA806A02CA2}.Release|Any CPU.ActiveCfg = Release|Any CPU
		{FBF7AEBF-CFB3-456A-BDB4-9DA806A02CA2}.Release|Any CPU.Build.0 = Release|Any CPU
		{B9D31B6E-9632-419E-9CAF-C9AA777F37AA}.Debug|Any CPU.ActiveCfg = Debug|Any CPU
		{B9D31B6E-9632-419E-9CAF-C9AA777F37AA}.Debug|Any CPU.Build.0 = Debug|Any CPU
		{B9D31B6E-9632-419E-9CAF-C9AA777F37AA}.Release|Any CPU.ActiveCfg = Release|Any CPU
		{B9D31B6E-9632-419E-9CAF-C9AA777F37AA}.Release|Any CPU.Build.0 = Release|Any CPU
	EndGlobalSection
	GlobalSection(SolutionProperties) = preSolution
		HideSolutionNode = FALSE
	EndGlobalSection
	GlobalSection(ExtensibilityGlobals) = postSolution
		SolutionGuid = {E3C8A918-C072-4C14-810B-7B05B79C6265}
	EndGlobalSection
EndGlobal
