
Microsoft Visual Studio Solution File, Format Version 12.00
# Visual Studio Version 17
VisualStudioVersion = 17.14.36616.10 d17.14
MinimumVisualStudioVersion = 10.0.40219.1
Project("{FAE04EC0-301F-11D3-BF4B-00C04F79EFBC}") = "SelfWorkForTraining", "SelfWorkForTraining.csproj", "{F6E7D22E-6AD1-4B63-92ED-1FC17C6EA511}"
EndProject
Global
	GlobalSection(SolutionConfigurationPlatforms) = preSolution
		Debug|Any CPU = Debug|Any CPU
		Release|Any CPU = Release|Any CPU
	EndGlobalSection
	GlobalSection(ProjectConfigurationPlatforms) = postSolution
		{F6E7D22E-6AD1-4B63-92ED-1FC17C6EA511}.Debug|Any CPU.ActiveCfg = Debug|Any CPU
		{F6E7D22E-6AD1-4B63-92ED-1FC17C6EA511}.Debug|Any CPU.Build.0 = Debug|Any CPU
		{F6E7D22E-6AD1-4B63-92ED-1FC17C6EA511}.Release|Any CPU.ActiveCfg = Release|Any CPU
		{F6E7D22E-6AD1-4B63-92ED-1FC17C6EA511}.Release|Any CPU.Build.0 = Release|Any CPU
	EndGlobalSection
	GlobalSection(SolutionProperties) = preSolution
		HideSolutionNode = FALSE
	EndGlobalSection
	GlobalSection(ExtensibilityGlobals) = postSolution
		SolutionGuid = {D63E829A-EEE3-4F5A-95A2-2B859A4221D8}
	EndGlobalSection
EndGlobal
