<Solution>
  <Project Path="Task1/Task1.csproj" />
  <Project Path="Task2/Task2.csproj" />
  <Project Path="Task3/Task3.csproj" />
  <Project Path="Task4/Task4.csproj" />
  <Project Path="Task5/Task5.csproj" />
  <Project Path="Task6/Task6.csproj" />
  <Project Path="Task7/Task7.csproj" />
  <Project Path="Task8/Task8.csproj" />
</Solution>
